
Microsoft Visual Studio Solution File, Format Version 12.00
# Visual Studio Version 17
VisualStudioVersion = 17.4.33213.308
MinimumVisualStudioVersion = 10.0.40219.1
Project("{9A19103F-16F7-4668-BE54-9A1E7A4F7556}") = "Confluence.Cli", "confluence.cli\Confluence.Cli.csproj", "{F16BA508-0AE2-4744-A001-72A8C4E5211E}"
EndProject
Project("{9A19103F-16F7-4668-BE54-9A1E7A4F7556}") = "Confluence.Api", "confluence.api\Confluence.Api.csproj", "{E0F8C1C4-BD67-4C90-B304-A45B88DA098B}"
EndProject
Global
	GlobalSection(SolutionConfigurationPlatforms) = preSolution
		Debug|Any CPU = Debug|Any CPU
		Release|Any CPU = Release|Any CPU
	EndGlobalSection
	GlobalSection(ProjectConfigurationPlatforms) = postSolution
		{F16BA508-0AE2-4744-A001-72A8C4E5211E}.Debug|Any CPU.ActiveCfg = Debug|Any CPU
		{F16BA508-0AE2-4744-A001-72A8C4E5211E}.Debug|Any CPU.Build.0 = Debug|Any CPU
		{F16BA508-0AE2-4744-A001-72A8C4E5211E}.Release|Any CPU.ActiveCfg = Release|Any CPU
		{F16BA508-0AE2-4744-A001-72A8C4E5211E}.Release|Any CPU.Build.0 = Release|Any CPU
		{E0F8C1C4-BD67-4C90-B304-A45B88DA098B}.Debug|Any CPU.ActiveCfg = Debug|Any CPU
		{E0F8C1C4-BD67-4C90-B304-A45B88DA098B}.Debug|Any CPU.Build.0 = Debug|Any CPU
		{E0F8C1C4-BD67-4C90-B304-A45B88DA098B}.Release|Any CPU.ActiveCfg = Release|Any CPU
		{E0F8C1C4-BD67-4C90-B304-A45B88DA098B}.Release|Any CPU.Build.0 = Release|Any CPU
	EndGlobalSection
	GlobalSection(SolutionProperties) = preSolution
		HideSolutionNode = FALSE
	EndGlobalSection
	GlobalSection(ExtensibilityGlobals) = postSolution
		SolutionGuid = {3428C01D-8D4F-46DA-905A-CB93804CE815}
	EndGlobalSection
EndGlobal
